// !$*UTF8*$!
{
	archiveVersion = 1;
	classes = {
	};
	objectVersion = 52;
	objects = {

/* Begin PBXBuildFile section */
		EC0427B925C4A84200C8F6DE /* MainTabBarController.swift in Sources */ = {isa = PBXBuildFile; fileRef = EC0427B825C4A84200C8F6DE /* MainTabBarController.swift */; };
		EC073F912562AF9D001F3731 /* AppDelegate.swift in Sources */ = {isa = PBXBuildFile; fileRef = EC073F902562AF9D001F3731 /* AppDelegate.swift */; };
		EC073F932562AF9D001F3731 /* SceneDelegate.swift in Sources */ = {isa = PBXBuildFile; fileRef = EC073F922562AF9D001F3731 /* SceneDelegate.swift */; };
		EC073F982562AF9D001F3731 /* Main.storyboard in Resources */ = {isa = PBXBuildFile; fileRef = EC073F962562AF9D001F3731 /* Main.storyboard */; };
		EC073F9A2562AFA0001F3731 /* Assets.xcassets in Resources */ = {isa = PBXBuildFile; fileRef = EC073F992562AFA0001F3731 /* Assets.xcassets */; };
		EC073F9D2562AFA0001F3731 /* LaunchScreen.storyboard in Resources */ = {isa = PBXBuildFile; fileRef = EC073F9B2562AFA0001F3731 /* LaunchScreen.storyboard */; };
		EC073FA62562B896001F3731 /* MapViewController.swift in Sources */ = {isa = PBXBuildFile; fileRef = EC073FA52562B896001F3731 /* MapViewController.swift */; };
		EC073FA92562C739001F3731 /* DiaryCell.swift in Sources */ = {isa = PBXBuildFile; fileRef = EC073FA82562C739001F3731 /* DiaryCell.swift */; };
		EC073FAE2562C7FC001F3731 /* DiaryViewController.swift in Sources */ = {isa = PBXBuildFile; fileRef = EC073FAD2562C7FC001F3731 /* DiaryViewController.swift */; };
		EC073FB32562D025001F3731 /* lighthouse-at-darsser-ort-with-museum-called-natureum-on-the-darss-peninsula-western-pomerania-lagoon-area-national-park-germany-R3PD9B.jpg in Resources */ = {isa = PBXBuildFile; fileRef = EC073FB02562D023001F3731 /* lighthouse-at-darsser-ort-with-museum-called-natureum-on-the-darss-peninsula-western-pomerania-lagoon-area-national-park-germany-R3PD9B.jpg */; };
		EC073FB42562D025001F3731 /* 612664395a40232133447d33247d38313233393434333331.jpeg in Resources */ = {isa = PBXBuildFile; fileRef = EC073FB12562D024001F3731 /* 612664395a40232133447d33247d38313233393434333331.jpeg */; };
		EC073FB52562D025001F3731 /* leuchtturm-busum.jpg in Resources */ = {isa = PBXBuildFile; fileRef = EC073FB22562D025001F3731 /* leuchtturm-busum.jpg */; };
		EC0DB2D925BDC1A200D4C028 /* LighthouseAnnotation.swift in Sources */ = {isa = PBXBuildFile; fileRef = EC0DB2D825BDC1A200D4C028 /* LighthouseAnnotation.swift */; };
		EC699E3B25C5D6E900C0DA3B /* UserLighthouseData.swift in Sources */ = {isa = PBXBuildFile; fileRef = EC699E3A25C5D6E900C0DA3B /* UserLighthouseData.swift */; };
		EC699E4125C5F11D00C0DA3B /* noun_Lighthouse_314521-2-2.png in Resources */ = {isa = PBXBuildFile; fileRef = EC699E4025C5F11D00C0DA3B /* noun_Lighthouse_314521-2-2.png */; };
		EC6AA32025C19CC600F235B8 /* IMG_6567.PNG in Resources */ = {isa = PBXBuildFile; fileRef = EC6AA31F25C19CC600F235B8 /* IMG_6567.PNG */; };
		EC6AA32625C19D9D00F235B8 /* ProfileViewController.swift in Sources */ = {isa = PBXBuildFile; fileRef = EC6AA32525C19D9D00F235B8 /* ProfileViewController.swift */; };
		EC6AA32C25C1C99B00F235B8 /* Lighthouse.swift in Sources */ = {isa = PBXBuildFile; fileRef = EC6AA32B25C1C99B00F235B8 /* Lighthouse.swift */; };
		EC6AA33225C1F12700F235B8 /* MapViewModel.swift in Sources */ = {isa = PBXBuildFile; fileRef = EC6AA33125C1F12700F235B8 /* MapViewModel.swift */; };
		EC6AA33525C1F13C00F235B8 /* DiaryViewModel.swift in Sources */ = {isa = PBXBuildFile; fileRef = EC6AA33425C1F13C00F235B8 /* DiaryViewModel.swift */; };
		EC6AA33825C1F14B00F235B8 /* DetailViewModel.swift in Sources */ = {isa = PBXBuildFile; fileRef = EC6AA33725C1F14B00F235B8 /* DetailViewModel.swift */; };
		EC6AA33B25C1F15A00F235B8 /* ProfileViewModel.swift in Sources */ = {isa = PBXBuildFile; fileRef = EC6AA33A25C1F15A00F235B8 /* ProfileViewModel.swift */; };
		EC6AA34125C1F44F00F235B8 /* DetailMapViewController.swift in Sources */ = {isa = PBXBuildFile; fileRef = EC6AA34025C1F44F00F235B8 /* DetailMapViewController.swift */; };
		EC6AA34525C1F48600F235B8 /* DetailMapViewModel.swift in Sources */ = {isa = PBXBuildFile; fileRef = EC6AA34425C1F48600F235B8 /* DetailMapViewModel.swift */; };
		EC9C371B25CAF2FA0008AF85 /* GoogleService-Info.plist in Resources */ = {isa = PBXBuildFile; fileRef = EC9C371A25CAF2FA0008AF85 /* GoogleService-Info.plist */; };
		EC9C372025CAF8370008AF85 /* FirebaseFirestore in Frameworks */ = {isa = PBXBuildFile; productRef = EC9C371F25CAF8370008AF85 /* FirebaseFirestore */; };
		EC9C372225CAF8370008AF85 /* FirebaseFirestoreSwift-Beta in Frameworks */ = {isa = PBXBuildFile; productRef = EC9C372125CAF8370008AF85 /* FirebaseFirestoreSwift-Beta */; };
		EC9C372625CD80060008AF85 /* blank-profile-picture-973460_640.png in Resources */ = {isa = PBXBuildFile; fileRef = EC9C372525CD80060008AF85 /* blank-profile-picture-973460_640.png */; };
		EC9F608225BB53670063F4F0 /* DetailViewController.swift in Sources */ = {isa = PBXBuildFile; fileRef = EC9F608125BB53670063F4F0 /* DetailViewController.swift */; };
		ECCADD8C25C58FD90014675C /* Preferences.swift in Sources */ = {isa = PBXBuildFile; fileRef = ECCADD8B25C58FD90014675C /* Preferences.swift */; };
		ECD8D94625C6C37A0099166E /* LighthouseAnnotationView.swift in Sources */ = {isa = PBXBuildFile; fileRef = ECD8D94525C6C37A0099166E /* LighthouseAnnotationView.swift */; };
		ECDAD5B325D18AE8009F80E8 /* AddViewController.swift in Sources */ = {isa = PBXBuildFile; fileRef = ECDAD5B225D18AE8009F80E8 /* AddViewController.swift */; };
		ECDAD5B725D19448009F80E8 /* AddViewModel.swift in Sources */ = {isa = PBXBuildFile; fileRef = ECDAD5B625D19448009F80E8 /* AddViewModel.swift */; };
/* End PBXBuildFile section */

/* Begin PBXFileReference section */
		EC0427B825C4A84200C8F6DE /* MainTabBarController.swift */ = {isa = PBXFileReference; lastKnownFileType = sourcecode.swift; path = MainTabBarController.swift; sourceTree = "<group>"; };
		EC073F8D2562AF9D001F3731 /* Lighthouse Diary.app */ = {isa = PBXFileReference; explicitFileType = wrapper.application; includeInIndex = 0; path = "Lighthouse Diary.app"; sourceTree = BUILT_PRODUCTS_DIR; };
		EC073F902562AF9D001F3731 /* AppDelegate.swift */ = {isa = PBXFileReference; lastKnownFileType = sourcecode.swift; path = AppDelegate.swift; sourceTree = "<group>"; };
		EC073F922562AF9D001F3731 /* SceneDelegate.swift */ = {isa = PBXFileReference; lastKnownFileType = sourcecode.swift; path = SceneDelegate.swift; sourceTree = "<group>"; };
		EC073F972562AF9D001F3731 /* Base */ = {isa = PBXFileReference; lastKnownFileType = file.storyboard; name = Base; path = Base.lproj/Main.storyboard; sourceTree = "<group>"; };
		EC073F992562AFA0001F3731 /* Assets.xcassets */ = {isa = PBXFileReference; lastKnownFileType = folder.assetcatalog; path = Assets.xcassets; sourceTree = "<group>"; };
		EC073F9C2562AFA0001F3731 /* Base */ = {isa = PBXFileReference; lastKnownFileType = file.storyboard; name = Base; path = Base.lproj/LaunchScreen.storyboard; sourceTree = "<group>"; };
		EC073F9E2562AFA0001F3731 /* Info.plist */ = {isa = PBXFileReference; lastKnownFileType = text.plist.xml; path = Info.plist; sourceTree = "<group>"; };
		EC073FA52562B896001F3731 /* MapViewController.swift */ = {isa = PBXFileReference; lastKnownFileType = sourcecode.swift; path = MapViewController.swift; sourceTree = "<group>"; };
		EC073FA82562C739001F3731 /* DiaryCell.swift */ = {isa = PBXFileReference; lastKnownFileType = sourcecode.swift; path = DiaryCell.swift; sourceTree = "<group>"; };
		EC073FAD2562C7FC001F3731 /* DiaryViewController.swift */ = {isa = PBXFileReference; lastKnownFileType = sourcecode.swift; path = DiaryViewController.swift; sourceTree = "<group>"; };
		EC073FB02562D023001F3731 /* lighthouse-at-darsser-ort-with-museum-called-natureum-on-the-darss-peninsula-western-pomerania-lagoon-area-national-park-germany-R3PD9B.jpg */ = {isa = PBXFileReference; lastKnownFileType = image.jpeg; path = "lighthouse-at-darsser-ort-with-museum-called-natureum-on-the-darss-peninsula-western-pomerania-lagoon-area-national-park-germany-R3PD9B.jpg"; sourceTree = "<group>"; };
		EC073FB12562D024001F3731 /* 612664395a40232133447d33247d38313233393434333331.jpeg */ = {isa = PBXFileReference; lastKnownFileType = image.jpeg; path = 612664395a40232133447d33247d38313233393434333331.jpeg; sourceTree = "<group>"; };
		EC073FB22562D025001F3731 /* leuchtturm-busum.jpg */ = {isa = PBXFileReference; lastKnownFileType = image.jpeg; path = "leuchtturm-busum.jpg"; sourceTree = "<group>"; };
		EC0DB2D825BDC1A200D4C028 /* LighthouseAnnotation.swift */ = {isa = PBXFileReference; lastKnownFileType = sourcecode.swift; path = LighthouseAnnotation.swift; sourceTree = "<group>"; };
		EC699E3A25C5D6E900C0DA3B /* UserLighthouseData.swift */ = {isa = PBXFileReference; lastKnownFileType = sourcecode.swift; path = UserLighthouseData.swift; sourceTree = "<group>"; };
		EC699E4025C5F11D00C0DA3B /* noun_Lighthouse_314521-2-2.png */ = {isa = PBXFileReference; lastKnownFileType = image.png; path = "noun_Lighthouse_314521-2-2.png"; sourceTree = "<group>"; };
		EC6AA31F25C19CC600F235B8 /* IMG_6567.PNG */ = {isa = PBXFileReference; lastKnownFileType = image.png; path = IMG_6567.PNG; sourceTree = "<group>"; };
		EC6AA32525C19D9D00F235B8 /* ProfileViewController.swift */ = {isa = PBXFileReference; lastKnownFileType = sourcecode.swift; path = ProfileViewController.swift; sourceTree = "<group>"; };
		EC6AA32B25C1C99B00F235B8 /* Lighthouse.swift */ = {isa = PBXFileReference; lastKnownFileType = sourcecode.swift; path = Lighthouse.swift; sourceTree = "<group>"; };
		EC6AA33125C1F12700F235B8 /* MapViewModel.swift */ = {isa = PBXFileReference; lastKnownFileType = sourcecode.swift; path = MapViewModel.swift; sourceTree = "<group>"; };
		EC6AA33425C1F13C00F235B8 /* DiaryViewModel.swift */ = {isa = PBXFileReference; lastKnownFileType = sourcecode.swift; path = DiaryViewModel.swift; sourceTree = "<group>"; };
		EC6AA33725C1F14B00F235B8 /* DetailViewModel.swift */ = {isa = PBXFileReference; lastKnownFileType = sourcecode.swift; path = DetailViewModel.swift; sourceTree = "<group>"; };
		EC6AA33A25C1F15A00F235B8 /* ProfileViewModel.swift */ = {isa = PBXFileReference; lastKnownFileType = sourcecode.swift; path = ProfileViewModel.swift; sourceTree = "<group>"; };
		EC6AA34025C1F44F00F235B8 /* DetailMapViewController.swift */ = {isa = PBXFileReference; lastKnownFileType = sourcecode.swift; path = DetailMapViewController.swift; sourceTree = "<group>"; };
		EC6AA34425C1F48600F235B8 /* DetailMapViewModel.swift */ = {isa = PBXFileReference; lastKnownFileType = sourcecode.swift; path = DetailMapViewModel.swift; sourceTree = "<group>"; };
		EC9C371A25CAF2FA0008AF85 /* GoogleService-Info.plist */ = {isa = PBXFileReference; fileEncoding = 4; lastKnownFileType = text.plist.xml; path = "GoogleService-Info.plist"; sourceTree = "<group>"; };
		EC9C372525CD80060008AF85 /* blank-profile-picture-973460_640.png */ = {isa = PBXFileReference; lastKnownFileType = image.png; path = "blank-profile-picture-973460_640.png"; sourceTree = "<group>"; };
		EC9F608125BB53670063F4F0 /* DetailViewController.swift */ = {isa = PBXFileReference; lastKnownFileType = sourcecode.swift; path = DetailViewController.swift; sourceTree = "<group>"; };
		ECCADD8B25C58FD90014675C /* Preferences.swift */ = {isa = PBXFileReference; lastKnownFileType = sourcecode.swift; path = Preferences.swift; sourceTree = "<group>"; };
		ECD8D94525C6C37A0099166E /* LighthouseAnnotationView.swift */ = {isa = PBXFileReference; lastKnownFileType = sourcecode.swift; path = LighthouseAnnotationView.swift; sourceTree = "<group>"; };
		ECDAD5B225D18AE8009F80E8 /* AddViewController.swift */ = {isa = PBXFileReference; lastKnownFileType = sourcecode.swift; path = AddViewController.swift; sourceTree = "<group>"; };
		ECDAD5B625D19448009F80E8 /* AddViewModel.swift */ = {isa = PBXFileReference; lastKnownFileType = sourcecode.swift; path = AddViewModel.swift; sourceTree = "<group>"; };
/* End PBXFileReference section */

/* Begin PBXFrameworksBuildPhase section */
		EC073F8A2562AF9D001F3731 /* Frameworks */ = {
			isa = PBXFrameworksBuildPhase;
			buildActionMask = 2147483647;
			files = (
				EC9C372025CAF8370008AF85 /* FirebaseFirestore in Frameworks */,
				EC9C372225CAF8370008AF85 /* FirebaseFirestoreSwift-Beta in Frameworks */,
			);
			runOnlyForDeploymentPostprocessing = 0;
		};
/* End PBXFrameworksBuildPhase section */

/* Begin PBXGroup section */
		EC073F842562AF9D001F3731 = {
			isa = PBXGroup;
			children = (
				EC073F8F2562AF9D001F3731 /* Lighthouse Diary */,
				EC073F8E2562AF9D001F3731 /* Products */,
			);
			sourceTree = "<group>";
		};
		EC073F8E2562AF9D001F3731 /* Products */ = {
			isa = PBXGroup;
			children = (
				EC073F8D2562AF9D001F3731 /* Lighthouse Diary.app */,
			);
			name = Products;
			sourceTree = "<group>";
		};
		EC073F8F2562AF9D001F3731 /* Lighthouse Diary */ = {
			isa = PBXGroup;
			children = (
				ECDAD5B125D18AC0009F80E8 /* Add */,
				EC699E4025C5F11D00C0DA3B /* noun_Lighthouse_314521-2-2.png */,
				EC073F902562AF9D001F3731 /* AppDelegate.swift */,
				EC073F922562AF9D001F3731 /* SceneDelegate.swift */,
				EC073F962562AF9D001F3731 /* Main.storyboard */,
				EC073FB12562D024001F3731 /* 612664395a40232133447d33247d38313233393434333331.jpeg */,
				EC6AA31F25C19CC600F235B8 /* IMG_6567.PNG */,
				EC073FB22562D025001F3731 /* leuchtturm-busum.jpg */,
				EC073FB02562D023001F3731 /* lighthouse-at-darsser-ort-with-museum-called-natureum-on-the-darss-peninsula-western-pomerania-lagoon-area-national-park-germany-R3PD9B.jpg */,
				EC9C372525CD80060008AF85 /* blank-profile-picture-973460_640.png */,
				EC073F992562AFA0001F3731 /* Assets.xcassets */,
				EC073F9B2562AFA0001F3731 /* LaunchScreen.storyboard */,
				EC073F9E2562AFA0001F3731 /* Info.plist */,
				EC9C371A25CAF2FA0008AF85 /* GoogleService-Info.plist */,
				EC0DB2DF25BDC52300D4C028 /* Map */,
				EC6AA32825C1C89800F235B8 /* Diary */,
				EC6AA32925C1C8A800F235B8 /* Detail */,
				EC6AA34725C1F48E00F235B8 /* DetailMap */,
				EC6AA32A25C1C8C200F235B8 /* Profile */,
				EC6AA32E25C1C99F00F235B8 /* Models */,
				EC0427B825C4A84200C8F6DE /* MainTabBarController.swift */,
			);
			path = "Lighthouse Diary";
			sourceTree = "<group>";
		};
		EC0DB2DF25BDC52300D4C028 /* Map */ = {
			isa = PBXGroup;
			children = (
				EC073FA52562B896001F3731 /* MapViewController.swift */,
				EC0DB2D825BDC1A200D4C028 /* LighthouseAnnotation.swift */,
				EC6AA33125C1F12700F235B8 /* MapViewModel.swift */,
				ECD8D94525C6C37A0099166E /* LighthouseAnnotationView.swift */,
			);
			path = Map;
			sourceTree = "<group>";
		};
		EC6AA32825C1C89800F235B8 /* Diary */ = {
			isa = PBXGroup;
			children = (
				EC073FAD2562C7FC001F3731 /* DiaryViewController.swift */,
				EC073FA82562C739001F3731 /* DiaryCell.swift */,
				EC6AA33425C1F13C00F235B8 /* DiaryViewModel.swift */,
			);
			path = Diary;
			sourceTree = "<group>";
		};
		EC6AA32925C1C8A800F235B8 /* Detail */ = {
			isa = PBXGroup;
			children = (
				EC9F608125BB53670063F4F0 /* DetailViewController.swift */,
				EC6AA33725C1F14B00F235B8 /* DetailViewModel.swift */,
			);
			path = Detail;
			sourceTree = "<group>";
		};
		EC6AA32A25C1C8C200F235B8 /* Profile */ = {
			isa = PBXGroup;
			children = (
				EC6AA32525C19D9D00F235B8 /* ProfileViewController.swift */,
				EC6AA33A25C1F15A00F235B8 /* ProfileViewModel.swift */,
			);
			path = Profile;
			sourceTree = "<group>";
		};
		EC6AA32E25C1C99F00F235B8 /* Models */ = {
			isa = PBXGroup;
			children = (
				EC6AA32B25C1C99B00F235B8 /* Lighthouse.swift */,
				ECCADD8B25C58FD90014675C /* Preferences.swift */,
				EC699E3A25C5D6E900C0DA3B /* UserLighthouseData.swift */,
			);
			path = Models;
			sourceTree = "<group>";
		};
		EC6AA34725C1F48E00F235B8 /* DetailMap */ = {
			isa = PBXGroup;
			children = (
				EC6AA34025C1F44F00F235B8 /* DetailMapViewController.swift */,
				EC6AA34425C1F48600F235B8 /* DetailMapViewModel.swift */,
			);
			path = DetailMap;
			sourceTree = "<group>";
		};
		ECDAD5B125D18AC0009F80E8 /* Add */ = {
			isa = PBXGroup;
			children = (
				ECDAD5B225D18AE8009F80E8 /* AddViewController.swift */,
				ECDAD5B625D19448009F80E8 /* AddViewModel.swift */,
			);
			path = Add;
			sourceTree = "<group>";
		};
/* End PBXGroup section */

/* Begin PBXNativeTarget section */
		EC073F8C2562AF9D001F3731 /* Lighthouse Diary */ = {
			isa = PBXNativeTarget;
			buildConfigurationList = EC073FA12562AFA0001F3731 /* Build configuration list for PBXNativeTarget "Lighthouse Diary" */;
			buildPhases = (
				EC073F892562AF9D001F3731 /* Sources */,
				EC073F8A2562AF9D001F3731 /* Frameworks */,
				EC073F8B2562AF9D001F3731 /* Resources */,
			);
			buildRules = (
			);
			dependencies = (
			);
			name = "Lighthouse Diary";
			packageProductDependencies = (
				EC9C371F25CAF8370008AF85 /* FirebaseFirestore */,
				EC9C372125CAF8370008AF85 /* FirebaseFirestoreSwift-Beta */,
			);
			productName = "Lighthouse Diary";
			productReference = EC073F8D2562AF9D001F3731 /* Lighthouse Diary.app */;
			productType = "com.apple.product-type.application";
		};
/* End PBXNativeTarget section */

/* Begin PBXProject section */
		EC073F852562AF9D001F3731 /* Project object */ = {
			isa = PBXProject;
			attributes = {
				LastSwiftUpdateCheck = 1220;
				LastUpgradeCheck = 1220;
				TargetAttributes = {
					EC073F8C2562AF9D001F3731 = {
						CreatedOnToolsVersion = 12.2;
					};
				};
			};
			buildConfigurationList = EC073F882562AF9D001F3731 /* Build configuration list for PBXProject "Lighthouse Diary" */;
			compatibilityVersion = "Xcode 9.3";
			developmentRegion = en;
			hasScannedForEncodings = 0;
			knownRegions = (
				en,
				Base,
			);
			mainGroup = EC073F842562AF9D001F3731;
			packageReferences = (
				EC9C371E25CAF8370008AF85 /* XCRemoteSwiftPackageReference "firebase-ios-sdk" */,
			);
			productRefGroup = EC073F8E2562AF9D001F3731 /* Products */;
			projectDirPath = "";
			projectRoot = "";
			targets = (
				EC073F8C2562AF9D001F3731 /* Lighthouse Diary */,
			);
		};
/* End PBXProject section */

/* Begin PBXResourcesBuildPhase section */
		EC073F8B2562AF9D001F3731 /* Resources */ = {
			isa = PBXResourcesBuildPhase;
			buildActionMask = 2147483647;
			files = (
				EC073FB32562D025001F3731 /* lighthouse-at-darsser-ort-with-museum-called-natureum-on-the-darss-peninsula-western-pomerania-lagoon-area-national-park-germany-R3PD9B.jpg in Resources */,
				EC073FB42562D025001F3731 /* 612664395a40232133447d33247d38313233393434333331.jpeg in Resources */,
				EC9C371B25CAF2FA0008AF85 /* GoogleService-Info.plist in Resources */,
				EC9C372625CD80060008AF85 /* blank-profile-picture-973460_640.png in Resources */,
				EC073F9D2562AFA0001F3731 /* LaunchScreen.storyboard in Resources */,
				EC6AA32025C19CC600F235B8 /* IMG_6567.PNG in Resources */,
				EC073F9A2562AFA0001F3731 /* Assets.xcassets in Resources */,
				EC073F982562AF9D001F3731 /* Main.storyboard in Resources */,
				EC073FB52562D025001F3731 /* leuchtturm-busum.jpg in Resources */,
				EC699E4125C5F11D00C0DA3B /* noun_Lighthouse_314521-2-2.png in Resources */,
			);
			runOnlyForDeploymentPostprocessing = 0;
		};
/* End PBXResourcesBuildPhase section */

/* Begin PBXSourcesBuildPhase section */
		EC073F892562AF9D001F3731 /* Sources */ = {
			isa = PBXSourcesBuildPhase;
			buildActionMask = 2147483647;
			files = (
				EC6AA34525C1F48600F235B8 /* DetailMapViewModel.swift in Sources */,
				EC6AA32C25C1C99B00F235B8 /* Lighthouse.swift in Sources */,
				EC6AA33225C1F12700F235B8 /* MapViewModel.swift in Sources */,
				EC699E3B25C5D6E900C0DA3B /* UserLighthouseData.swift in Sources */,
				EC073F912562AF9D001F3731 /* AppDelegate.swift in Sources */,
				EC073F932562AF9D001F3731 /* SceneDelegate.swift in Sources */,
				EC6AA33525C1F13C00F235B8 /* DiaryViewModel.swift in Sources */,
				EC0427B925C4A84200C8F6DE /* MainTabBarController.swift in Sources */,
				EC073FA92562C739001F3731 /* DiaryCell.swift in Sources */,
				ECDAD5B725D19448009F80E8 /* AddViewModel.swift in Sources */,
				ECCADD8C25C58FD90014675C /* Preferences.swift in Sources */,
				ECDAD5B325D18AE8009F80E8 /* AddViewController.swift in Sources */,
				EC6AA34125C1F44F00F235B8 /* DetailMapViewController.swift in Sources */,
				EC0DB2D925BDC1A200D4C028 /* LighthouseAnnotation.swift in Sources */,
				EC6AA33825C1F14B00F235B8 /* DetailViewModel.swift in Sources */,
				EC073FAE2562C7FC001F3731 /* DiaryViewController.swift in Sources */,
				ECD8D94625C6C37A0099166E /* LighthouseAnnotationView.swift in Sources */,
				EC6AA32625C19D9D00F235B8 /* ProfileViewController.swift in Sources */,
				EC6AA33B25C1F15A00F235B8 /* ProfileViewModel.swift in Sources */,
				EC073FA62562B896001F3731 /* MapViewController.swift in Sources */,
				EC9F608225BB53670063F4F0 /* DetailViewController.swift in Sources */,
			);
			runOnlyForDeploymentPostprocessing = 0;
		};
/* End PBXSourcesBuildPhase section */

/* Begin PBXVariantGroup section */
		EC073F962562AF9D001F3731 /* Main.storyboard */ = {
			isa = PBXVariantGroup;
			children = (
				EC073F972562AF9D001F3731 /* Base */,
			);
			name = Main.storyboard;
			sourceTree = "<group>";
		};
		EC073F9B2562AFA0001F3731 /* LaunchScreen.storyboard */ = {
			isa = PBXVariantGroup;
			children = (
				EC073F9C2562AFA0001F3731 /* Base */,
			);
			name = LaunchScreen.storyboard;
			sourceTree = "<group>";
		};
/* End PBXVariantGroup section */

/* Begin XCBuildConfiguration section */
		EC073F9F2562AFA0001F3731 /* Debug */ = {
			isa = XCBuildConfiguration;
			buildSettings = {
				ALWAYS_SEARCH_USER_PATHS = NO;
				CLANG_ANALYZER_NONNULL = YES;
				CLANG_ANALYZER_NUMBER_OBJECT_CONVERSION = YES_AGGRESSIVE;
				CLANG_CXX_LANGUAGE_STANDARD = "gnu++14";
				CLANG_CXX_LIBRARY = "libc++";
				CLANG_ENABLE_MODULES = YES;
				CLANG_ENABLE_OBJC_ARC = YES;
				CLANG_ENABLE_OBJC_WEAK = YES;
				CLANG_WARN_BLOCK_CAPTURE_AUTORELEASING = YES;
				CLANG_WARN_BOOL_CONVERSION = YES;
				CLANG_WARN_COMMA = YES;
				CLANG_WARN_CONSTANT_CONVERSION = YES;
				CLANG_WARN_DEPRECATED_OBJC_IMPLEMENTATIONS = YES;
				CLANG_WARN_DIRECT_OBJC_ISA_USAGE = YES_ERROR;
				CLANG_WARN_DOCUMENTATION_COMMENTS = YES;
				CLANG_WARN_EMPTY_BODY = YES;
				CLANG_WARN_ENUM_CONVERSION = YES;
				CLANG_WARN_INFINITE_RECURSION = YES;
				CLANG_WARN_INT_CONVERSION = YES;
				CLANG_WARN_NON_LITERAL_NULL_CONVERSION = YES;
				CLANG_WARN_OBJC_IMPLICIT_RETAIN_SELF = YES;
				CLANG_WARN_OBJC_LITERAL_CONVERSION = YES;
				CLANG_WARN_OBJC_ROOT_CLASS = YES_ERROR;
				CLANG_WARN_QUOTED_INCLUDE_IN_FRAMEWORK_HEADER = YES;
				CLANG_WARN_RANGE_LOOP_ANALYSIS = YES;
				CLANG_WARN_STRICT_PROTOTYPES = YES;
				CLANG_WARN_SUSPICIOUS_MOVE = YES;
				CLANG_WARN_UNGUARDED_AVAILABILITY = YES_AGGRESSIVE;
				CLANG_WARN_UNREACHABLE_CODE = YES;
				CLANG_WARN__DUPLICATE_METHOD_MATCH = YES;
				COPY_PHASE_STRIP = NO;
				DEBUG_INFORMATION_FORMAT = dwarf;
				ENABLE_STRICT_OBJC_MSGSEND = YES;
				ENABLE_TESTABILITY = YES;
				GCC_C_LANGUAGE_STANDARD = gnu11;
				GCC_DYNAMIC_NO_PIC = NO;
				GCC_NO_COMMON_BLOCKS = YES;
				GCC_OPTIMIZATION_LEVEL = 0;
				GCC_PREPROCESSOR_DEFINITIONS = (
					"DEBUG=1",
					"$(inherited)",
				);
				GCC_WARN_64_TO_32_BIT_CONVERSION = YES;
				GCC_WARN_ABOUT_RETURN_TYPE = YES_ERROR;
				GCC_WARN_UNDECLARED_SELECTOR = YES;
				GCC_WARN_UNINITIALIZED_AUTOS = YES_AGGRESSIVE;
				GCC_WARN_UNUSED_FUNCTION = YES;
				GCC_WARN_UNUSED_VARIABLE = YES;
				IPHONEOS_DEPLOYMENT_TARGET = 14.2;
				MTL_ENABLE_DEBUG_INFO = INCLUDE_SOURCE;
				MTL_FAST_MATH = YES;
				ONLY_ACTIVE_ARCH = YES;
				SDKROOT = iphoneos;
				SWIFT_ACTIVE_COMPILATION_CONDITIONS = DEBUG;
				SWIFT_OPTIMIZATION_LEVEL = "-Onone";
			};
			name = Debug;
		};
		EC073FA02562AFA0001F3731 /* Release */ = {
			isa = XCBuildConfiguration;
			buildSettings = {
				ALWAYS_SEARCH_USER_PATHS = NO;
				CLANG_ANALYZER_NONNULL = YES;
				CLANG_ANALYZER_NUMBER_OBJECT_CONVERSION = YES_AGGRESSIVE;
				CLANG_CXX_LANGUAGE_STANDARD = "gnu++14";
				CLANG_CXX_LIBRARY = "libc++";
				CLANG_ENABLE_MODULES = YES;
				CLANG_ENABLE_OBJC_ARC = YES;
				CLANG_ENABLE_OBJC_WEAK = YES;
				CLANG_WARN_BLOCK_CAPTURE_AUTORELEASING = YES;
				CLANG_WARN_BOOL_CONVERSION = YES;
				CLANG_WARN_COMMA = YES;
				CLANG_WARN_CONSTANT_CONVERSION = YES;
				CLANG_WARN_DEPRECATED_OBJC_IMPLEMENTATIONS = YES;
				CLANG_WARN_DIRECT_OBJC_ISA_USAGE = YES_ERROR;
				CLANG_WARN_DOCUMENTATION_COMMENTS = YES;
				CLANG_WARN_EMPTY_BODY = YES;
				CLANG_WARN_ENUM_CONVERSION = YES;
				CLANG_WARN_INFINITE_RECURSION = YES;
				CLANG_WARN_INT_CONVERSION = YES;
				CLANG_WARN_NON_LITERAL_NULL_CONVERSION = YES;
				CLANG_WARN_OBJC_IMPLICIT_RETAIN_SELF = YES;
				CLANG_WARN_OBJC_LITERAL_CONVERSION = YES;
				CLANG_WARN_OBJC_ROOT_CLASS = YES_ERROR;
				CLANG_WARN_QUOTED_INCLUDE_IN_FRAMEWORK_HEADER = YES;
				CLANG_WARN_RANGE_LOOP_ANALYSIS = YES;
				CLANG_WARN_STRICT_PROTOTYPES = YES;
				CLANG_WARN_SUSPICIOUS_MOVE = YES;
				CLANG_WARN_UNGUARDED_AVAILABILITY = YES_AGGRESSIVE;
				CLANG_WARN_UNREACHABLE_CODE = YES;
				CLANG_WARN__DUPLICATE_METHOD_MATCH = YES;
				COPY_PHASE_STRIP = NO;
				DEBUG_INFORMATION_FORMAT = "dwarf-with-dsym";
				ENABLE_NS_ASSERTIONS = NO;
				ENABLE_STRICT_OBJC_MSGSEND = YES;
				GCC_C_LANGUAGE_STANDARD = gnu11;
				GCC_NO_COMMON_BLOCKS = YES;
				GCC_WARN_64_TO_32_BIT_CONVERSION = YES;
				GCC_WARN_ABOUT_RETURN_TYPE = YES_ERROR;
				GCC_WARN_UNDECLARED_SELECTOR = YES;
				GCC_WARN_UNINITIALIZED_AUTOS = YES_AGGRESSIVE;
				GCC_WARN_UNUSED_FUNCTION = YES;
				GCC_WARN_UNUSED_VARIABLE = YES;
				IPHONEOS_DEPLOYMENT_TARGET = 14.2;
				MTL_ENABLE_DEBUG_INFO = NO;
				MTL_FAST_MATH = YES;
				SDKROOT = iphoneos;
				SWIFT_COMPILATION_MODE = wholemodule;
				SWIFT_OPTIMIZATION_LEVEL = "-O";
				VALIDATE_PRODUCT = YES;
			};
			name = Release;
		};
		EC073FA22562AFA0001F3731 /* Debug */ = {
			isa = XCBuildConfiguration;
			buildSettings = {
				ASSETCATALOG_COMPILER_APPICON_NAME = AppIcon;
				ASSETCATALOG_COMPILER_GLOBAL_ACCENT_COLOR_NAME = AccentColor;
				CODE_SIGN_STYLE = Automatic;
				DEVELOPMENT_TEAM = 93FF4HL274;
				INFOPLIST_FILE = "Lighthouse Diary/Info.plist";
				LD_RUNPATH_SEARCH_PATHS = (
					"$(inherited)",
					"@executable_path/Frameworks",
				);
				PRODUCT_BUNDLE_IDENTIFIER = "loskokos.Lighthouse-Diary";
				PRODUCT_NAME = "$(TARGET_NAME)";
				SWIFT_VERSION = 5.0;
				TARGETED_DEVICE_FAMILY = "1,2";
			};
			name = Debug;
		};
		EC073FA32562AFA0001F3731 /* Release */ = {
			isa = XCBuildConfiguration;
			buildSettings = {
				ASSETCATALOG_COMPILER_APPICON_NAME = AppIcon;
				ASSETCATALOG_COMPILER_GLOBAL_ACCENT_COLOR_NAME = AccentColor;
				CODE_SIGN_STYLE = Automatic;
				DEVELOPMENT_TEAM = 93FF4HL274;
				INFOPLIST_FILE = "Lighthouse Diary/Info.plist";
				LD_RUNPATH_SEARCH_PATHS = (
					"$(inherited)",
					"@executable_path/Frameworks",
				);
				PRODUCT_BUNDLE_IDENTIFIER = "loskokos.Lighthouse-Diary";
				PRODUCT_NAME = "$(TARGET_NAME)";
				SWIFT_VERSION = 5.0;
				TARGETED_DEVICE_FAMILY = "1,2";
			};
			name = Release;
		};
/* End XCBuildConfiguration section */

/* Begin XCConfigurationList section */
		EC073F882562AF9D001F3731 /* Build configuration list for PBXProject "Lighthouse Diary" */ = {
			isa = XCConfigurationList;
			buildConfigurations = (
				EC073F9F2562AFA0001F3731 /* Debug */,
				EC073FA02562AFA0001F3731 /* Release */,
			);
			defaultConfigurationIsVisible = 0;
			defaultConfigurationName = Release;
		};
		EC073FA12562AFA0001F3731 /* Build configuration list for PBXNativeTarget "Lighthouse Diary" */ = {
			isa = XCConfigurationList;
			buildConfigurations = (
				EC073FA22562AFA0001F3731 /* Debug */,
				EC073FA32562AFA0001F3731 /* Release */,
			);
			defaultConfigurationIsVisible = 0;
			defaultConfigurationName = Release;
		};
/* End XCConfigurationList section */

/* Begin XCRemoteSwiftPackageReference section */
		EC9C371E25CAF8370008AF85 /* XCRemoteSwiftPackageReference "firebase-ios-sdk" */ = {
			isa = XCRemoteSwiftPackageReference;
			repositoryURL = "https://github.com/firebase/firebase-ios-sdk.git";
			requirement = {
				kind = upToNextMajorVersion;
				minimumVersion = 7.5.1;
			};
		};
/* End XCRemoteSwiftPackageReference section */

/* Begin XCSwiftPackageProductDependency section */
		EC9C371F25CAF8370008AF85 /* FirebaseFirestore */ = {
			isa = XCSwiftPackageProductDependency;
			package = EC9C371E25CAF8370008AF85 /* XCRemoteSwiftPackageReference "firebase-ios-sdk" */;
			productName = FirebaseFirestore;
		};
		EC9C372125CAF8370008AF85 /* FirebaseFirestoreSwift-Beta */ = {
			isa = XCSwiftPackageProductDependency;
			package = EC9C371E25CAF8370008AF85 /* XCRemoteSwiftPackageReference "firebase-ios-sdk" */;
			productName = "FirebaseFirestoreSwift-Beta";
		};
/* End XCSwiftPackageProductDependency section */
	};
	rootObject = EC073F852562AF9D001F3731 /* Project object */;
}
